{
  "name": "maintainer-autopilot",
  "version": "0.1.0",
  "lockfileVersion": 3,
  "requires": true,
  "packages": {
    "": {
      "name": "maintainer-autopilot",
      "version": "0.1.0",
      "license": "MIT",
      "bin": {
        "maintainer-autopilot": "src/cli.js"
      },
      "engines": {
        "node": ">=22 <23"
      }
    }
  }
}
